
Microsoft Visual Studio Solution File, Format Version 12.00
# Visual Studio Version 17
VisualStudioVersion = 17.9.34723.18
MinimumVisualStudioVersion = 10.0.40219.1
Project("{FAE04EC0-301F-11D3-BF4B-00C04F79EFBC}") = "Zadanie4PDNPoprawne", "Zadanie4PDNPoprawne\Zadanie4PDNPoprawne.csproj", "{47C96EE1-215B-4786-8B66-8178E4C6D56A}"
EndProject
Global
	GlobalSection(SolutionConfigurationPlatforms) = preSolution
		Debug|Any CPU = Debug|Any CPU
		Release|Any CPU = Release|Any CPU
	EndGlobalSection
	GlobalSection(ProjectConfigurationPlatforms) = postSolution
		{47C96EE1-215B-4786-8B66-8178E4C6D56A}.Debug|Any CPU.ActiveCfg = Debug|Any CPU
		{47C96EE1-215B-4786-8B66-8178E4C6D56A}.Debug|Any CPU.Build.0 = Debug|Any CPU
		{47C96EE1-215B-4786-8B66-8178E4C6D56A}.Release|Any CPU.ActiveCfg = Release|Any CPU
		{47C96EE1-215B-4786-8B66-8178E4C6D56A}.Release|Any CPU.Build.0 = Release|Any CPU
	EndGlobalSection
	GlobalSection(SolutionProperties) = preSolution
		HideSolutionNode = FALSE
	EndGlobalSection
	GlobalSection(ExtensibilityGlobals) = postSolution
		SolutionGuid = {043B0035-5A2F-45D6-98FF-C76A5857E29C}
	EndGlobalSection
EndGlobal
